
Microsoft Visual Studio Solution File, Format Version 12.00
# Visual Studio Version 17
VisualStudioVersion = 17.7.34024.191
MinimumVisualStudioVersion = 10.0.40219.1
Project("{FAE04EC0-301F-11D3-BF4B-00C04F79EFBC}") = "PresentationLayer", "TimeZone\PresentationLayer.csproj", "{AAEF9637-F67C-4FC4-9D81-4B30C4849A61}"
EndProject
Project("{FAE04EC0-301F-11D3-BF4B-00C04F79EFBC}") = "BusinessLogicLayer", "BusinessLogicLayer\BusinessLogicLayer.csproj", "{151BB043-739B-43C3-8818-4EB2797228C5}"
EndProject
Project("{FAE04EC0-301F-11D3-BF4B-00C04F79EFBC}") = "DataAccessLayer", "DataAccessLayer\DataAccessLayer.csproj", "{A1B3FA46-A50B-4BF1-A216-767E27AB1650}"
EndProject
Global
	GlobalSection(SolutionConfigurationPlatforms) = preSolution
		Debug|Any CPU = Debug|Any CPU
		Release|Any CPU = Release|Any CPU
	EndGlobalSection
	GlobalSection(ProjectConfigurationPlatforms) = postSolution
		{AAEF9637-F67C-4FC4-9D81-4B30C4849A61}.Debug|Any CPU.ActiveCfg = Debug|Any CPU
		{AAEF9637-F67C-4FC4-9D81-4B30C4849A61}.Debug|Any CPU.Build.0 = Debug|Any CPU
		{AAEF9637-F67C-4FC4-9D81-4B30C4849A61}.Release|Any CPU.ActiveCfg = Release|Any CPU
		{AAEF9637-F67C-4FC4-9D81-4B30C4849A61}.Release|Any CPU.Build.0 = Release|Any CPU
		{151BB043-739B-43C3-8818-4EB2797228C5}.Debug|Any CPU.ActiveCfg = Debug|Any CPU
		{151BB043-739B-43C3-8818-4EB2797228C5}.Debug|Any CPU.Build.0 = Debug|Any CPU
		{151BB043-739B-43C3-8818-4EB2797228C5}.Release|Any CPU.ActiveCfg = Release|Any CPU
		{151BB043-739B-43C3-8818-4EB2797228C5}.Release|Any CPU.Build.0 = Release|Any CPU
		{A1B3FA46-A50B-4BF1-A216-767E27AB1650}.Debug|Any CPU.ActiveCfg = Debug|Any CPU
		{A1B3FA46-A50B-4BF1-A216-767E27AB1650}.Debug|Any CPU.Build.0 = Debug|Any CPU
		{A1B3FA46-A50B-4BF1-A216-767E27AB1650}.Release|Any CPU.ActiveCfg = Release|Any CPU
		{A1B3FA46-A50B-4BF1-A216-767E27AB1650}.Release|Any CPU.Build.0 = Release|Any CPU
	EndGlobalSection
	GlobalSection(SolutionProperties) = preSolution
		HideSolutionNode = FALSE
	EndGlobalSection
	GlobalSection(ExtensibilityGlobals) = postSolution
		SolutionGuid = {82A8A5C5-947A-4815-A435-6CE18EE82AE6}
	EndGlobalSection
EndGlobal
